// !$*UTF8*$!
{
	archiveVersion = 1;
	classes = {
	};
	objectVersion = 46;
	objects = {

/* Begin PBXBuildFile section */
		3A3ED9BE1225E320009E2908 /* Cocoa.framework in Frameworks */ = {isa = PBXBuildFile; fileRef = 1058C7A1FEA54F0111CA2CBB /* Cocoa.framework */; };
		3A3ED9BF1225E320009E2908 /* Carbon.framework in Frameworks */ = {isa = PBXBuildFile; fileRef = 3A286EA51222C8EA00F1BB78 /* Carbon.framework */; };
		3A3ED9C01225E320009E2908 /* QuartzCore.framework in Frameworks */ = {isa = PBXBuildFile; fileRef = 3A3ED9751225E0A7009E2908 /* QuartzCore.framework */; };
		A2120AAC14F5ACA9004B9F32 /* BackgroundGradientView.h in Headers */ = {isa = PBXBuildFile; fileRef = A2120A8814F5ACA9004B9F32 /* BackgroundGradientView.h */; };
		A2120AAD14F5ACA9004B9F32 /* BackgroundGradientView.m in Sources */ = {isa = PBXBuildFile; fileRef = A2120A8914F5ACA9004B9F32 /* BackgroundGradientView.m */; };
		A2120AAE14F5ACA9004B9F32 /* ChromiumTabs.h in Headers */ = {isa = PBXBuildFile; fileRef = A2120A8A14F5ACA9004B9F32 /* ChromiumTabs.h */; settings = {ATTRIBUTES = (Public, ); }; };
		A2120AAF14F5ACA9004B9F32 /* ChromiumTabs.pch in Headers */ = {isa = PBXBuildFile; fileRef = A2120A8B14F5ACA9004B9F32 /* ChromiumTabs.pch */; };
		A2120AB014F5ACA9004B9F32 /* CTBrowser+Private.h in Headers */ = {isa = PBXBuildFile; fileRef = A2120A8C14F5ACA9004B9F32 /* CTBrowser+Private.h */; };
		A2120AB114F5ACA9004B9F32 /* CTBrowser.h in Headers */ = {isa = PBXBuildFile; fileRef = A2120A8D14F5ACA9004B9F32 /* CTBrowser.h */; settings = {ATTRIBUTES = (Public, ); }; };
		A2120AB214F5ACA9004B9F32 /* CTBrowser.m in Sources */ = {isa = PBXBuildFile; fileRef = A2120A8E14F5ACA9004B9F32 /* CTBrowser.m */; };
		A2120AB314F5ACA9004B9F32 /* CTBrowserCommand.h in Headers */ = {isa = PBXBuildFile; fileRef = A2120A8F14F5ACA9004B9F32 /* CTBrowserCommand.h */; };
		A2120AB414F5ACA9004B9F32 /* CTBrowserWindow.h in Headers */ = {isa = PBXBuildFile; fileRef = A2120A9014F5ACA9004B9F32 /* CTBrowserWindow.h */; };
		A2120AB514F5ACA9004B9F32 /* CTBrowserWindow.m in Sources */ = {isa = PBXBuildFile; fileRef = A2120A9114F5ACA9004B9F32 /* CTBrowserWindow.m */; };
		A2120AB614F5ACA9004B9F32 /* CTBrowserWindowController.h in Headers */ = {isa = PBXBuildFile; fileRef = A2120A9214F5ACA9004B9F32 /* CTBrowserWindowController.h */; settings = {ATTRIBUTES = (Public, ); }; };
		A2120AB714F5ACA9004B9F32 /* CTBrowserWindowController.m in Sources */ = {isa = PBXBuildFile; fileRef = A2120A9314F5ACA9004B9F32 /* CTBrowserWindowController.m */; };
		A2120AB814F5ACA9004B9F32 /* CTTabContents.h in Headers */ = {isa = PBXBuildFile; fileRef = A2120A9414F5ACA9004B9F32 /* CTTabContents.h */; settings = {ATTRIBUTES = (Public, ); }; };
		A2120AB914F5ACA9004B9F32 /* CTTabContents.m in Sources */ = {isa = PBXBuildFile; fileRef = A2120A9514F5ACA9004B9F32 /* CTTabContents.m */; };
		A2120ABA14F5ACA9004B9F32 /* CTTabContentsViewController.h in Headers */ = {isa = PBXBuildFile; fileRef = A2120A9614F5ACA9004B9F32 /* CTTabContentsViewController.h */; };
		A2120ABB14F5ACA9004B9F32 /* CTTabContentsViewController.m in Sources */ = {isa = PBXBuildFile; fileRef = A2120A9714F5ACA9004B9F32 /* CTTabContentsViewController.m */; };
		A2120ABC14F5ACA9004B9F32 /* CTTabStripController.h in Headers */ = {isa = PBXBuildFile; fileRef = A2120A9814F5ACA9004B9F32 /* CTTabStripController.h */; };
		A2120ABD14F5ACA9004B9F32 /* CTTabStripController.m in Sources */ = {isa = PBXBuildFile; fileRef = A2120A9914F5ACA9004B9F32 /* CTTabStripController.m */; };
		A2120ABE14F5ACA9004B9F32 /* CTTabStripModel.h in Headers */ = {isa = PBXBuildFile; fileRef = A2120A9A14F5ACA9004B9F32 /* CTTabStripModel.h */; };
		A2120ABF14F5ACA9004B9F32 /* CTTabStripModel.m in Sources */ = {isa = PBXBuildFile; fileRef = A2120A9B14F5ACA9004B9F32 /* CTTabStripModel.m */; };
		A2120AC014F5ACA9004B9F32 /* CTTabStripModelDelegate.h in Headers */ = {isa = PBXBuildFile; fileRef = A2120A9C14F5ACA9004B9F32 /* CTTabStripModelDelegate.h */; settings = {ATTRIBUTES = (Public, ); }; };
		A2120AC114F5ACA9004B9F32 /* CTTabStripView.h in Headers */ = {isa = PBXBuildFile; fileRef = A2120A9D14F5ACA9004B9F32 /* CTTabStripView.h */; };
		A2120AC214F5ACA9004B9F32 /* CTTabStripView.m in Sources */ = {isa = PBXBuildFile; fileRef = A2120A9E14F5ACA9004B9F32 /* CTTabStripView.m */; };
		A2120AC314F5ACA9004B9F32 /* CTTabView+Private.h in Headers */ = {isa = PBXBuildFile; fileRef = A2120A9F14F5ACA9004B9F32 /* CTTabView+Private.h */; };
		A2120AC414F5ACA9004B9F32 /* CTTabView.h in Headers */ = {isa = PBXBuildFile; fileRef = A2120AA014F5ACA9004B9F32 /* CTTabView.h */; };
		A2120AC514F5ACA9004B9F32 /* CTTabView.m in Sources */ = {isa = PBXBuildFile; fileRef = A2120AA114F5ACA9004B9F32 /* CTTabView.m */; };
		A2120AC614F5ACA9004B9F32 /* CTTabViewController.h in Headers */ = {isa = PBXBuildFile; fileRef = A2120AA214F5ACA9004B9F32 /* CTTabViewController.h */; };
		A2120AC714F5ACA9004B9F32 /* CTTabViewController.m in Sources */ = {isa = PBXBuildFile; fileRef = A2120AA314F5ACA9004B9F32 /* CTTabViewController.m */; };
		A2120AC814F5ACA9004B9F32 /* FastResizeView.h in Headers */ = {isa = PBXBuildFile; fileRef = A2120AA414F5ACA9004B9F32 /* FastResizeView.h */; };
		A2120AC914F5ACA9004B9F32 /* FastResizeView.m in Sources */ = {isa = PBXBuildFile; fileRef = A2120AA514F5ACA9004B9F32 /* FastResizeView.m */; };
		A2120ACA14F5ACA9004B9F32 /* HoverCloseButton.h in Headers */ = {isa = PBXBuildFile; fileRef = A2120AA614F5ACA9004B9F32 /* HoverCloseButton.h */; };
		A2120ACB14F5ACA9004B9F32 /* HoverCloseButton.m in Sources */ = {isa = PBXBuildFile; fileRef = A2120AA714F5ACA9004B9F32 /* HoverCloseButton.m */; };
		A2120ACC14F5ACA9004B9F32 /* NSWindow+CTThemed.h in Headers */ = {isa = PBXBuildFile; fileRef = A2120AA814F5ACA9004B9F32 /* NSWindow+CTThemed.h */; };
		A2120ACD14F5ACA9004B9F32 /* NSWindow+CTThemed.m in Sources */ = {isa = PBXBuildFile; fileRef = A2120AA914F5ACA9004B9F32 /* NSWindow+CTThemed.m */; };
		A2120ACE14F5ACA9004B9F32 /* TruncatingTextFieldCell.h in Headers */ = {isa = PBXBuildFile; fileRef = A2120AAA14F5ACA9004B9F32 /* TruncatingTextFieldCell.h */; };
		A2120ACF14F5ACA9004B9F32 /* TruncatingTextFieldCell.m in Sources */ = {isa = PBXBuildFile; fileRef = A2120AAB14F5ACA9004B9F32 /* TruncatingTextFieldCell.m */; };
		A2120ADC14F5AD30004B9F32 /* <HoverCloseButton> TabClose.png in Resources */ = {isa = PBXBuildFile; fileRef = A2120AD514F5AD30004B9F32 /* <HoverCloseButton> TabClose.png */; };
		A2120ADD14F5AD30004B9F32 /* <HoverCloseButton> TabClosePressed.png in Resources */ = {isa = PBXBuildFile; fileRef = A2120AD614F5AD30004B9F32 /* <HoverCloseButton> TabClosePressed.png */; };
		A2120ADE14F5AD30004B9F32 /* <HoverCloseButton> TabCloseRollover.png in Resources */ = {isa = PBXBuildFile; fileRef = A2120AD714F5AD30004B9F32 /* <HoverCloseButton> TabCloseRollover.png */; };
		A2120ADF14F5AD30004B9F32 /* BrowserWindow.xib in Resources */ = {isa = PBXBuildFile; fileRef = A2120AD814F5AD30004B9F32 /* BrowserWindow.xib */; };
		A2120AE114F5AD30004B9F32 /* TabContents.xib in Resources */ = {isa = PBXBuildFile; fileRef = A2120ADA14F5AD30004B9F32 /* TabContents.xib */; };
		A2120AE214F5AD30004B9F32 /* TabView.xib in Resources */ = {isa = PBXBuildFile; fileRef = A2120ADB14F5AD30004B9F32 /* TabView.xib */; };
/* End PBXBuildFile section */

/* Begin PBXFileReference section */
		1058C7A1FEA54F0111CA2CBB /* Cocoa.framework */ = {isa = PBXFileReference; lastKnownFileType = wrapper.framework; name = Cocoa.framework; path = /System/Library/Frameworks/Cocoa.framework; sourceTree = "<absolute>"; };
		29B97324FDCFA39411CA2CEA /* AppKit.framework */ = {isa = PBXFileReference; lastKnownFileType = wrapper.framework; name = AppKit.framework; path = /System/Library/Frameworks/AppKit.framework; sourceTree = "<absolute>"; };
		29B97325FDCFA39411CA2CEA /* Foundation.framework */ = {isa = PBXFileReference; lastKnownFileType = wrapper.framework; name = Foundation.framework; path = /System/Library/Frameworks/Foundation.framework; sourceTree = "<absolute>"; };
		3A286EA51222C8EA00F1BB78 /* Carbon.framework */ = {isa = PBXFileReference; lastKnownFileType = wrapper.framework; name = Carbon.framework; path = System/Library/Frameworks/Carbon.framework; sourceTree = SDKROOT; };
		3A3ED9751225E0A7009E2908 /* QuartzCore.framework */ = {isa = PBXFileReference; lastKnownFileType = wrapper.framework; name = QuartzCore.framework; path = System/Library/Frameworks/QuartzCore.framework; sourceTree = SDKROOT; };
		3A3ED9831225E27E009E2908 /* ChromiumTabs.framework */ = {isa = PBXFileReference; explicitFileType = wrapper.framework; includeInIndex = 0; path = ChromiumTabs.framework; sourceTree = BUILT_PRODUCTS_DIR; };
		A2120A8814F5ACA9004B9F32 /* BackgroundGradientView.h */ = {isa = PBXFileReference; fileEncoding = 4; lastKnownFileType = sourcecode.c.h; path = BackgroundGradientView.h; sourceTree = "<group>"; };
		A2120A8914F5ACA9004B9F32 /* BackgroundGradientView.m */ = {isa = PBXFileReference; fileEncoding = 4; lastKnownFileType = sourcecode.c.objc; path = BackgroundGradientView.m; sourceTree = "<group>"; };
		A2120A8A14F5ACA9004B9F32 /* ChromiumTabs.h */ = {isa = PBXFileReference; fileEncoding = 4; lastKnownFileType = sourcecode.c.h; path = ChromiumTabs.h; sourceTree = "<group>"; };
		A2120A8B14F5ACA9004B9F32 /* ChromiumTabs.pch */ = {isa = PBXFileReference; fileEncoding = 4; lastKnownFileType = sourcecode.c.h; path = ChromiumTabs.pch; sourceTree = "<group>"; };
		A2120A8C14F5ACA9004B9F32 /* CTBrowser+Private.h */ = {isa = PBXFileReference; fileEncoding = 4; lastKnownFileType = sourcecode.c.h; path = "CTBrowser+Private.h"; sourceTree = "<group>"; };
		A2120A8D14F5ACA9004B9F32 /* CTBrowser.h */ = {isa = PBXFileReference; fileEncoding = 4; lastKnownFileType = sourcecode.c.h; path = CTBrowser.h; sourceTree = "<group>"; };
		A2120A8E14F5ACA9004B9F32 /* CTBrowser.m */ = {isa = PBXFileReference; fileEncoding = 4; lastKnownFileType = sourcecode.c.objc; path = CTBrowser.m; sourceTree = "<group>"; };
		A2120A8F14F5ACA9004B9F32 /* CTBrowserCommand.h */ = {isa = PBXFileReference; fileEncoding = 4; lastKnownFileType = sourcecode.c.h; path = CTBrowserCommand.h; sourceTree = "<group>"; };
		A2120A9014F5ACA9004B9F32 /* CTBrowserWindow.h */ = {isa = PBXFileReference; fileEncoding = 4; lastKnownFileType = sourcecode.c.h; path = CTBrowserWindow.h; sourceTree = "<group>"; };
		A2120A9114F5ACA9004B9F32 /* CTBrowserWindow.m */ = {isa = PBXFileReference; fileEncoding = 4; lastKnownFileType = sourcecode.c.objc; path = CTBrowserWindow.m; sourceTree = "<group>"; };
		A2120A9214F5ACA9004B9F32 /* CTBrowserWindowController.h */ = {isa = PBXFileReference; fileEncoding = 4; lastKnownFileType = sourcecode.c.h; path = CTBrowserWindowController.h; sourceTree = "<group>"; };
		A2120A9314F5ACA9004B9F32 /* CTBrowserWindowController.m */ = {isa = PBXFileReference; fileEncoding = 4; lastKnownFileType = sourcecode.c.objc; path = CTBrowserWindowController.m; sourceTree = "<group>"; };
		A2120A9414F5ACA9004B9F32 /* CTTabContents.h */ = {isa = PBXFileReference; fileEncoding = 4; lastKnownFileType = sourcecode.c.h; path = CTTabContents.h; sourceTree = "<group>"; };
		A2120A9514F5ACA9004B9F32 /* CTTabContents.m */ = {isa = PBXFileReference; fileEncoding = 4; lastKnownFileType = sourcecode.c.objc; path = CTTabContents.m; sourceTree = "<group>"; };
		A2120A9614F5ACA9004B9F32 /* CTTabContentsViewController.h */ = {isa = PBXFileReference; fileEncoding = 4; lastKnownFileType = sourcecode.c.h; path = CTTabContentsViewController.h; sourceTree = "<group>"; };
		A2120A9714F5ACA9004B9F32 /* CTTabContentsViewController.m */ = {isa = PBXFileReference; fileEncoding = 4; lastKnownFileType = sourcecode.c.objc; path = CTTabContentsViewController.m; sourceTree = "<group>"; };
		A2120A9814F5ACA9004B9F32 /* CTTabStripController.h */ = {isa = PBXFileReference; fileEncoding = 4; lastKnownFileType = sourcecode.c.h; path = CTTabStripController.h; sourceTree = "<group>"; };
		A2120A9914F5ACA9004B9F32 /* CTTabStripController.m */ = {isa = PBXFileReference; fileEncoding = 4; lastKnownFileType = sourcecode.c.objc; path = CTTabStripController.m; sourceTree = "<group>"; };
		A2120A9A14F5ACA9004B9F32 /* CTTabStripModel.h */ = {isa = PBXFileReference; fileEncoding = 4; lastKnownFileType = sourcecode.c.h; path = CTTabStripModel.h; sourceTree = "<group>"; };
		A2120A9B14F5ACA9004B9F32 /* CTTabStripModel.m */ = {isa = PBXFileReference; fileEncoding = 4; lastKnownFileType = sourcecode.c.objc; path = CTTabStripModel.m; sourceTree = "<group>"; };
		A2120A9C14F5ACA9004B9F32 /* CTTabStripModelDelegate.h */ = {isa = PBXFileReference; fileEncoding = 4; lastKnownFileType = sourcecode.c.h; path = CTTabStripModelDelegate.h; sourceTree = "<group>"; };
		A2120A9D14F5ACA9004B9F32 /* CTTabStripView.h */ = {isa = PBXFileReference; fileEncoding = 4; lastKnownFileType = sourcecode.c.h; path = CTTabStripView.h; sourceTree = "<group>"; };
		A2120A9E14F5ACA9004B9F32 /* CTTabStripView.m */ = {isa = PBXFileReference; fileEncoding = 4; lastKnownFileType = sourcecode.c.objc; path = CTTabStripView.m; sourceTree = "<group>"; };
		A2120A9F14F5ACA9004B9F32 /* CTTabView+Private.h */ = {isa = PBXFileReference; fileEncoding = 4; lastKnownFileType = sourcecode.c.h; path = "CTTabView+Private.h"; sourceTree = "<group>"; };
		A2120AA014F5ACA9004B9F32 /* CTTabView.h */ = {isa = PBXFileReference; fileEncoding = 4; lastKnownFileType = sourcecode.c.h; path = CTTabView.h; sourceTree = "<group>"; };
		A2120AA114F5ACA9004B9F32 /* CTTabView.m */ = {isa = PBXFileReference; fileEncoding = 4; lastKnownFileType = sourcecode.c.objc; path = CTTabView.m; sourceTree = "<group>"; };
		A2120AA214F5ACA9004B9F32 /* CTTabViewController.h */ = {isa = PBXFileReference; fileEncoding = 4; lastKnownFileType = sourcecode.c.h; path = CTTabViewController.h; sourceTree = "<group>"; };
		A2120AA314F5ACA9004B9F32 /* CTTabViewController.m */ = {isa = PBXFileReference; fileEncoding = 4; lastKnownFileType = sourcecode.c.objc; path = CTTabViewController.m; sourceTree = "<group>"; };
		A2120AA414F5ACA9004B9F32 /* FastResizeView.h */ = {isa = PBXFileReference; fileEncoding = 4; lastKnownFileType = sourcecode.c.h; path = FastResizeView.h; sourceTree = "<group>"; };
		A2120AA514F5ACA9004B9F32 /* FastResizeView.m */ = {isa = PBXFileReference; fileEncoding = 4; lastKnownFileType = sourcecode.c.objc; path = FastResizeView.m; sourceTree = "<group>"; };
		A2120AA614F5ACA9004B9F32 /* HoverCloseButton.h */ = {isa = PBXFileReference; fileEncoding = 4; lastKnownFileType = sourcecode.c.h; path = HoverCloseButton.h; sourceTree = "<group>"; };
		A2120AA714F5ACA9004B9F32 /* HoverCloseButton.m */ = {isa = PBXFileReference; fileEncoding = 4; lastKnownFileType = sourcecode.c.objc; path = HoverCloseButton.m; sourceTree = "<group>"; };
		A2120AA814F5ACA9004B9F32 /* NSWindow+CTThemed.h */ = {isa = PBXFileReference; fileEncoding = 4; lastKnownFileType = sourcecode.c.h; path = "NSWindow+CTThemed.h"; sourceTree = "<group>"; };
		A2120AA914F5ACA9004B9F32 /* NSWindow+CTThemed.m */ = {isa = PBXFileReference; fileEncoding = 4; lastKnownFileType = sourcecode.c.objc; path = "NSWindow+CTThemed.m"; sourceTree = "<group>"; };
		A2120AAA14F5ACA9004B9F32 /* TruncatingTextFieldCell.h */ = {isa = PBXFileReference; fileEncoding = 4; lastKnownFileType = sourcecode.c.h; path = TruncatingTextFieldCell.h; sourceTree = "<group>"; };
		A2120AAB14F5ACA9004B9F32 /* TruncatingTextFieldCell.m */ = {isa = PBXFileReference; fileEncoding = 4; lastKnownFileType = sourcecode.c.objc; path = TruncatingTextFieldCell.m; sourceTree = "<group>"; };
		A2120AD514F5AD30004B9F32 /* <HoverCloseButton> TabClose.png */ = {isa = PBXFileReference; lastKnownFileType = image.png; path = "<HoverCloseButton> TabClose.png"; sourceTree = "<group>"; };
		A2120AD614F5AD30004B9F32 /* <HoverCloseButton> TabClosePressed.png */ = {isa = PBXFileReference; lastKnownFileType = image.png; path = "<HoverCloseButton> TabClosePressed.png"; sourceTree = "<group>"; };
		A2120AD714F5AD30004B9F32 /* <HoverCloseButton> TabCloseRollover.png */ = {isa = PBXFileReference; lastKnownFileType = image.png; path = "<HoverCloseButton> TabCloseRollover.png"; sourceTree = "<group>"; };
		A2120AD814F5AD30004B9F32 /* BrowserWindow.xib */ = {isa = PBXFileReference; fileEncoding = 4; lastKnownFileType = file.xib; path = BrowserWindow.xib; sourceTree = "<group>"; };
		A2120AD914F5AD30004B9F32 /* Info.plist */ = {isa = PBXFileReference; fileEncoding = 4; lastKnownFileType = text.plist.xml; path = Info.plist; sourceTree = "<group>"; };
		A2120ADA14F5AD30004B9F32 /* TabContents.xib */ = {isa = PBXFileReference; fileEncoding = 4; lastKnownFileType = file.xib; path = TabContents.xib; sourceTree = "<group>"; };
		A2120ADB14F5AD30004B9F32 /* TabView.xib */ = {isa = PBXFileReference; fileEncoding = 4; lastKnownFileType = file.xib; path = TabView.xib; sourceTree = "<group>"; };
/* End PBXFileReference section */

/* Begin PBXFrameworksBuildPhase section */
		3A3ED9811225E27E009E2908 /* Frameworks */ = {
			isa = PBXFrameworksBuildPhase;
			buildActionMask = 2147483647;
			files = (
				3A3ED9BE1225E320009E2908 /* Cocoa.framework in Frameworks */,
				3A3ED9BF1225E320009E2908 /* Carbon.framework in Frameworks */,
				3A3ED9C01225E320009E2908 /* QuartzCore.framework in Frameworks */,
			);
			runOnlyForDeploymentPostprocessing = 0;
		};
/* End PBXFrameworksBuildPhase section */

/* Begin PBXGroup section */
		19C28FACFE9D520D11CA2CBB /* Products */ = {
			isa = PBXGroup;
			children = (
				3A3ED9831225E27E009E2908 /* ChromiumTabs.framework */,
			);
			name = Products;
			sourceTree = "<group>";
		};
		29B97314FDCFA39411CA2CEA /* cocoa-chromium-tabs */ = {
			isa = PBXGroup;
			children = (
				A2120A8714F5ACA9004B9F32 /* Source */,
				A2120AD414F5AD30004B9F32 /* Resources */,
				29B97323FDCFA39411CA2CEA /* Frameworks */,
				19C28FACFE9D520D11CA2CBB /* Products */,
			);
			name = "cocoa-chromium-tabs";
			sourceTree = "<group>";
		};
		29B97323FDCFA39411CA2CEA /* Frameworks */ = {
			isa = PBXGroup;
			children = (
				3A286EA51222C8EA00F1BB78 /* Carbon.framework */,
				1058C7A1FEA54F0111CA2CBB /* Cocoa.framework */,
				29B97324FDCFA39411CA2CEA /* AppKit.framework */,
				29B97325FDCFA39411CA2CEA /* Foundation.framework */,
				3A3ED9751225E0A7009E2908 /* QuartzCore.framework */,
			);
			name = Frameworks;
			sourceTree = "<group>";
		};
		A2120A8714F5ACA9004B9F32 /* Source */ = {
			isa = PBXGroup;
			children = (
				A2120AD314F5ACE9004B9F32 /* Views */,
				A2120A8A14F5ACA9004B9F32 /* ChromiumTabs.h */,
				A2120A8C14F5ACA9004B9F32 /* CTBrowser+Private.h */,
				A2120A8D14F5ACA9004B9F32 /* CTBrowser.h */,
				A2120A8E14F5ACA9004B9F32 /* CTBrowser.m */,
				A2120A8F14F5ACA9004B9F32 /* CTBrowserCommand.h */,
				A2120A9014F5ACA9004B9F32 /* CTBrowserWindow.h */,
				A2120A9114F5ACA9004B9F32 /* CTBrowserWindow.m */,
				A2120A9214F5ACA9004B9F32 /* CTBrowserWindowController.h */,
				A2120A9314F5ACA9004B9F32 /* CTBrowserWindowController.m */,
				A2120A9414F5ACA9004B9F32 /* CTTabContents.h */,
				A2120A9514F5ACA9004B9F32 /* CTTabContents.m */,
				A2120A9614F5ACA9004B9F32 /* CTTabContentsViewController.h */,
				A2120A9714F5ACA9004B9F32 /* CTTabContentsViewController.m */,
				A2120A9814F5ACA9004B9F32 /* CTTabStripController.h */,
				A2120A9914F5ACA9004B9F32 /* CTTabStripController.m */,
				A2120A9A14F5ACA9004B9F32 /* CTTabStripModel.h */,
				A2120A9B14F5ACA9004B9F32 /* CTTabStripModel.m */,
				A2120A9C14F5ACA9004B9F32 /* CTTabStripModelDelegate.h */,
				A2120A9D14F5ACA9004B9F32 /* CTTabStripView.h */,
				A2120A9E14F5ACA9004B9F32 /* CTTabStripView.m */,
				A2120A9F14F5ACA9004B9F32 /* CTTabView+Private.h */,
				A2120AA014F5ACA9004B9F32 /* CTTabView.h */,
				A2120AA114F5ACA9004B9F32 /* CTTabView.m */,
				A2120AA214F5ACA9004B9F32 /* CTTabViewController.h */,
				A2120AA314F5ACA9004B9F32 /* CTTabViewController.m */,
				A2120AD114F5ACB3004B9F32 /* Supporting Files */,
			);
			path = Source;
			sourceTree = "<group>";
		};
		A2120AD114F5ACB3004B9F32 /* Supporting Files */ = {
			isa = PBXGroup;
			children = (
				A2120AD214F5ACBA004B9F32 /* Categories */,
				A2120A8B14F5ACA9004B9F32 /* ChromiumTabs.pch */,
			);
			name = "Supporting Files";
			sourceTree = "<group>";
		};
		A2120AD214F5ACBA004B9F32 /* Categories */ = {
			isa = PBXGroup;
			children = (
				A2120AA814F5ACA9004B9F32 /* NSWindow+CTThemed.h */,
				A2120AA914F5ACA9004B9F32 /* NSWindow+CTThemed.m */,
			);
			name = Categories;
			sourceTree = "<group>";
		};
		A2120AD314F5ACE9004B9F32 /* Views */ = {
			isa = PBXGroup;
			children = (
				A2120A8814F5ACA9004B9F32 /* BackgroundGradientView.h */,
				A2120A8914F5ACA9004B9F32 /* BackgroundGradientView.m */,
				A2120AA414F5ACA9004B9F32 /* FastResizeView.h */,
				A2120AA514F5ACA9004B9F32 /* FastResizeView.m */,
				A2120AA614F5ACA9004B9F32 /* HoverCloseButton.h */,
				A2120AA714F5ACA9004B9F32 /* HoverCloseButton.m */,
				A2120AAA14F5ACA9004B9F32 /* TruncatingTextFieldCell.h */,
				A2120AAB14F5ACA9004B9F32 /* TruncatingTextFieldCell.m */,
			);
			name = Views;
			sourceTree = "<group>";
		};
		A2120AD414F5AD30004B9F32 /* Resources */ = {
			isa = PBXGroup;
			children = (
				A2120AE314F5AD40004B9F32 /* Images */,
				A2120AE414F5AD57004B9F32 /* XIBs */,
				A2120AD914F5AD30004B9F32 /* Info.plist */,
			);
			path = Resources;
			sourceTree = "<group>";
		};
		A2120AE314F5AD40004B9F32 /* Images */ = {
			isa = PBXGroup;
			children = (
				A2120AD514F5AD30004B9F32 /* <HoverCloseButton> TabClose.png */,
				A2120AD614F5AD30004B9F32 /* <HoverCloseButton> TabClosePressed.png */,
				A2120AD714F5AD30004B9F32 /* <HoverCloseButton> TabCloseRollover.png */,
			);
			name = Images;
			sourceTree = "<group>";
		};
		A2120AE414F5AD57004B9F32 /* XIBs */ = {
			isa = PBXGroup;
			children = (
				A2120AD814F5AD30004B9F32 /* BrowserWindow.xib */,
				A2120ADA14F5AD30004B9F32 /* TabContents.xib */,
				A2120ADB14F5AD30004B9F32 /* TabView.xib */,
			);
			name = XIBs;
			sourceTree = "<group>";
		};
/* End PBXGroup section */

/* Begin PBXHeadersBuildPhase section */
		3A3ED97E1225E27E009E2908 /* Headers */ = {
			isa = PBXHeadersBuildPhase;
			buildActionMask = 2147483647;
			files = (
				A2120AAE14F5ACA9004B9F32 /* ChromiumTabs.h in Headers */,
				A2120AB114F5ACA9004B9F32 /* CTBrowser.h in Headers */,
				A2120AB614F5ACA9004B9F32 /* CTBrowserWindowController.h in Headers */,
				A2120AB814F5ACA9004B9F32 /* CTTabContents.h in Headers */,
				A2120AC014F5ACA9004B9F32 /* CTTabStripModelDelegate.h in Headers */,
				A2120AAC14F5ACA9004B9F32 /* BackgroundGradientView.h in Headers */,
				A2120AAF14F5ACA9004B9F32 /* ChromiumTabs.pch in Headers */,
				A2120AB014F5ACA9004B9F32 /* CTBrowser+Private.h in Headers */,
				A2120AB314F5ACA9004B9F32 /* CTBrowserCommand.h in Headers */,
				A2120AB414F5ACA9004B9F32 /* CTBrowserWindow.h in Headers */,
				A2120ABA14F5ACA9004B9F32 /* CTTabContentsViewController.h in Headers */,
				A2120ABC14F5ACA9004B9F32 /* CTTabStripController.h in Headers */,
				A2120ABE14F5ACA9004B9F32 /* CTTabStripModel.h in Headers */,
				A2120AC114F5ACA9004B9F32 /* CTTabStripView.h in Headers */,
				A2120AC314F5ACA9004B9F32 /* CTTabView+Private.h in Headers */,
				A2120AC414F5ACA9004B9F32 /* CTTabView.h in Headers */,
				A2120AC614F5ACA9004B9F32 /* CTTabViewController.h in Headers */,
				A2120AC814F5ACA9004B9F32 /* FastResizeView.h in Headers */,
				A2120ACA14F5ACA9004B9F32 /* HoverCloseButton.h in Headers */,
				A2120ACC14F5ACA9004B9F32 /* NSWindow+CTThemed.h in Headers */,
				A2120ACE14F5ACA9004B9F32 /* TruncatingTextFieldCell.h in Headers */,
			);
			runOnlyForDeploymentPostprocessing = 0;
		};
/* End PBXHeadersBuildPhase section */

/* Begin PBXNativeTarget section */
		3A3ED9821225E27E009E2908 /* ChromiumTabs */ = {
			isa = PBXNativeTarget;
			buildConfigurationList = 3A3ED9871225E27F009E2908 /* Build configuration list for PBXNativeTarget "ChromiumTabs" */;
			buildPhases = (
				3A3ED97E1225E27E009E2908 /* Headers */,
				3A3ED97F1225E27E009E2908 /* Resources */,
				3A3ED9801225E27E009E2908 /* Sources */,
				3A3ED9811225E27E009E2908 /* Frameworks */,
			);
			buildRules = (
			);
			dependencies = (
			);
			name = ChromiumTabs;
			productName = ChromiumTabs;
			productReference = 3A3ED9831225E27E009E2908 /* ChromiumTabs.framework */;
			productType = "com.apple.product-type.framework";
		};
/* End PBXNativeTarget section */

/* Begin PBXProject section */
		29B97313FDCFA39411CA2CEA /* Project object */ = {
			isa = PBXProject;
			attributes = {
				BuildIndependentTargetsInParallel = YES;
				LastUpgradeCheck = 0430;
			};
			buildConfigurationList = C01FCF4E08A954540054247B /* Build configuration list for PBXProject "chromium-tabs" */;
			compatibilityVersion = "Xcode 3.2";
			developmentRegion = English;
			hasScannedForEncodings = 1;
			knownRegions = (
				English,
				Japanese,
				French,
				German,
			);
			mainGroup = 29B97314FDCFA39411CA2CEA /* cocoa-chromium-tabs */;
			projectDirPath = "";
			projectRoot = "";
			targets = (
				3A3ED9821225E27E009E2908 /* ChromiumTabs */,
			);
		};
/* End PBXProject section */

/* Begin PBXResourcesBuildPhase section */
		3A3ED97F1225E27E009E2908 /* Resources */ = {
			isa = PBXResourcesBuildPhase;
			buildActionMask = 2147483647;
			files = (
				A2120ADC14F5AD30004B9F32 /* <HoverCloseButton> TabClose.png in Resources */,
				A2120ADD14F5AD30004B9F32 /* <HoverCloseButton> TabClosePressed.png in Resources */,
				A2120ADE14F5AD30004B9F32 /* <HoverCloseButton> TabCloseRollover.png in Resources */,
				A2120ADF14F5AD30004B9F32 /* BrowserWindow.xib in Resources */,
				A2120AE114F5AD30004B9F32 /* TabContents.xib in Resources */,
				A2120AE214F5AD30004B9F32 /* TabView.xib in Resources */,
			);
			runOnlyForDeploymentPostprocessing = 0;
		};
/* End PBXResourcesBuildPhase section */

/* Begin PBXSourcesBuildPhase section */
		3A3ED9801225E27E009E2908 /* Sources */ = {
			isa = PBXSourcesBuildPhase;
			buildActionMask = 2147483647;
			files = (
				A2120AAD14F5ACA9004B9F32 /* BackgroundGradientView.m in Sources */,
				A2120AB214F5ACA9004B9F32 /* CTBrowser.m in Sources */,
				A2120AB514F5ACA9004B9F32 /* CTBrowserWindow.m in Sources */,
				A2120AB714F5ACA9004B9F32 /* CTBrowserWindowController.m in Sources */,
				A2120AB914F5ACA9004B9F32 /* CTTabContents.m in Sources */,
				A2120ABB14F5ACA9004B9F32 /* CTTabContentsViewController.m in Sources */,
				A2120ABD14F5ACA9004B9F32 /* CTTabStripController.m in Sources */,
				A2120ABF14F5ACA9004B9F32 /* CTTabStripModel.m in Sources */,
				A2120AC214F5ACA9004B9F32 /* CTTabStripView.m in Sources */,
				A2120AC514F5ACA9004B9F32 /* CTTabView.m in Sources */,
				A2120AC714F5ACA9004B9F32 /* CTTabViewController.m in Sources */,
				A2120AC914F5ACA9004B9F32 /* FastResizeView.m in Sources */,
				A2120ACB14F5ACA9004B9F32 /* HoverCloseButton.m in Sources */,
				A2120ACD14F5ACA9004B9F32 /* NSWindow+CTThemed.m in Sources */,
				A2120ACF14F5ACA9004B9F32 /* TruncatingTextFieldCell.m in Sources */,
			);
			runOnlyForDeploymentPostprocessing = 0;
		};
/* End PBXSourcesBuildPhase section */

/* Begin XCBuildConfiguration section */
		3A3ED9851225E27F009E2908 /* Debug */ = {
			isa = XCBuildConfiguration;
			buildSettings = {
				ALWAYS_SEARCH_USER_PATHS = NO;
				CLANG_ARC_MIGRATION = donothing;
				CLANG_ENABLE_OBJC_ARC = YES;
				CLANG_WARN_OBJCPP_ARC_ABI = NO;
				COPY_PHASE_STRIP = NO;
				DYLIB_COMPATIBILITY_VERSION = 1;
				DYLIB_CURRENT_VERSION = 1;
				FRAMEWORK_VERSION = A;
				GCC_DYNAMIC_NO_PIC = NO;
				GCC_ENABLE_OBJC_GC = unsupported;
				GCC_ENABLE_PASCAL_STRINGS = NO;
				GCC_MODEL_TUNING = G5;
				GCC_PRECOMPILE_PREFIX_HEADER = YES;
				GCC_PREFIX_HEADER = "Source/$(PRODUCT_NAME).pch";
				GCC_VERSION = com.apple.compilers.llvm.clang.1_0;
				GCC_WARN_64_TO_32_BIT_CONVERSION = NO;
				GCC_WARN_EFFECTIVE_CPLUSPLUS_VIOLATIONS = NO;
				GCC_WARN_HIDDEN_VIRTUAL_FUNCTIONS = NO;
				GCC_WARN_INITIALIZER_NOT_FULLY_BRACKETED = YES;
				GCC_WARN_MISSING_PARENTHESES = YES;
				GCC_WARN_SHADOW = NO;
				GCC_WARN_UNUSED_FUNCTION = YES;
				HEADER_SEARCH_PATHS = src;
				INFOPLIST_FILE = Resources/Info.plist;
				INSTALL_PATH = "@rpath";
				MACOSX_DEPLOYMENT_TARGET = 10.6;
				PRODUCT_NAME = ChromiumTabs;
			};
			name = Debug;
		};
		3A3ED9861225E27F009E2908 /* Release */ = {
			isa = XCBuildConfiguration;
			buildSettings = {
				ALWAYS_SEARCH_USER_PATHS = NO;
				CLANG_ARC_MIGRATION = donothing;
				CLANG_ENABLE_OBJC_ARC = YES;
				CLANG_WARN_OBJCPP_ARC_ABI = NO;
				COPY_PHASE_STRIP = NO;
				DEPLOYMENT_POSTPROCESSING = NO;
				DYLIB_COMPATIBILITY_VERSION = 1;
				DYLIB_CURRENT_VERSION = 1;
				FRAMEWORK_VERSION = A;
				GCC_ENABLE_OBJC_GC = unsupported;
				GCC_ENABLE_PASCAL_STRINGS = NO;
				GCC_ENABLE_SSE3_EXTENSIONS = YES;
				GCC_ENABLE_SSE41_EXTENSIONS = YES;
				GCC_ENABLE_SSE42_EXTENSIONS = YES;
				GCC_MODEL_TUNING = G5;
				GCC_PRECOMPILE_PREFIX_HEADER = YES;
				GCC_PREFIX_HEADER = "Source/$(PRODUCT_NAME).pch";
				GCC_PREPROCESSOR_DEFINITIONS = "NDEBUG=1";
				GCC_VERSION = com.apple.compilers.llvm.clang.1_0;
				GCC_WARN_64_TO_32_BIT_CONVERSION = NO;
				GCC_WARN_EFFECTIVE_CPLUSPLUS_VIOLATIONS = NO;
				GCC_WARN_HIDDEN_VIRTUAL_FUNCTIONS = NO;
				GCC_WARN_INITIALIZER_NOT_FULLY_BRACKETED = YES;
				GCC_WARN_MISSING_PARENTHESES = YES;
				GCC_WARN_SHADOW = NO;
				GCC_WARN_UNUSED_FUNCTION = YES;
				HEADER_SEARCH_PATHS = src;
				INFOPLIST_FILE = Resources/Info.plist;
				INSTALL_PATH = "@rpath";
				MACOSX_DEPLOYMENT_TARGET = 10.6;
				OTHER_LDFLAGS = (
					"-framework",
					Foundation,
					"-framework",
					AppKit,
				);
				PRODUCT_NAME = ChromiumTabs;
				ZERO_LINK = NO;
			};
			name = Release;
		};
		C01FCF4F08A954540054247B /* Debug */ = {
			isa = XCBuildConfiguration;
			buildSettings = {
				ARCHS = "$(ARCHS_STANDARD_64_BIT)";
				GCC_C_LANGUAGE_STANDARD = gnu99;
				GCC_OPTIMIZATION_LEVEL = 0;
				GCC_VERSION = com.apple.compilers.llvm.clang.1_0;
				GCC_WARN_ABOUT_RETURN_TYPE = YES;
				GCC_WARN_UNUSED_VARIABLE = YES;
				MACOSX_DEPLOYMENT_TARGET = 10.6;
				ONLY_ACTIVE_ARCH = YES;
				SDKROOT = macosx;
			};
			name = Debug;
		};
		C01FCF5008A954540054247B /* Release */ = {
			isa = XCBuildConfiguration;
			buildSettings = {
				ARCHS = "$(ARCHS_STANDARD_64_BIT)";
				GCC_C_LANGUAGE_STANDARD = gnu99;
				GCC_VERSION = com.apple.compilers.llvm.clang.1_0;
				GCC_WARN_ABOUT_RETURN_TYPE = YES;
				GCC_WARN_UNUSED_VARIABLE = YES;
				MACOSX_DEPLOYMENT_TARGET = 10.6;
				SDKROOT = macosx;
			};
			name = Release;
		};
/* End XCBuildConfiguration section */

/* Begin XCConfigurationList section */
		3A3ED9871225E27F009E2908 /* Build configuration list for PBXNativeTarget "ChromiumTabs" */ = {
			isa = XCConfigurationList;
			buildConfigurations = (
				3A3ED9851225E27F009E2908 /* Debug */,
				3A3ED9861225E27F009E2908 /* Release */,
			);
			defaultConfigurationIsVisible = 0;
			defaultConfigurationName = Release;
		};
		C01FCF4E08A954540054247B /* Build configuration list for PBXProject "chromium-tabs" */ = {
			isa = XCConfigurationList;
			buildConfigurations = (
				C01FCF4F08A954540054247B /* Debug */,
				C01FCF5008A954540054247B /* Release */,
			);
			defaultConfigurationIsVisible = 0;
			defaultConfigurationName = Release;
		};
/* End XCConfigurationList section */
	};
	rootObject = 29B97313FDCFA39411CA2CEA /* Project object */;
}
