// !$*UTF8*$!
{
	archiveVersion = 1;
	classes = {
	};
	objectVersion = 46;
	objects = {

/* Begin PBXBuildFile section */
		3A3ED9BE1225E320009E2908 /* Cocoa.framework in Frameworks */ = {isa = PBXBuildFile; fileRef = 1058C7A1FEA54F0111CA2CBB /* Cocoa.framework */; };
		3A3ED9BF1225E320009E2908 /* Carbon.framework in Frameworks */ = {isa = PBXBuildFile; fileRef = 3A286EA51222C8EA00F1BB78 /* Carbon.framework */; };
		3A3ED9C01225E320009E2908 /* QuartzCore.framework in Frameworks */ = {isa = PBXBuildFile; fileRef = 3A3ED9751225E0A7009E2908 /* QuartzCore.framework */; };
		3A3ED9D71225E32A009E2908 /* CTBrowserWindowController.m in Sources */ = {isa = PBXBuildFile; fileRef = 3A1CF96012235704008A3B8C /* CTBrowserWindowController.m */; };
		3A3ED9D91225E32A009E2908 /* CTBrowser.m in Sources */ = {isa = PBXBuildFile; fileRef = 3AA7188A122479CE005022BE /* CTBrowser.m */; };
		3A3ED9E81225E3C2009E2908 /* BrowserWindow.xib in Resources */ = {isa = PBXBuildFile; fileRef = 3A286F9E1222CDBE00F1BB78 /* BrowserWindow.xib */; };
		3A3ED9E91225E3C2009E2908 /* TabContents.xib in Resources */ = {isa = PBXBuildFile; fileRef = 3A286F9F1222CDBE00F1BB78 /* TabContents.xib */; };
		3A3ED9EA1225E3C2009E2908 /* TabView.xib in Resources */ = {isa = PBXBuildFile; fileRef = 3A286FA01222CDBE00F1BB78 /* TabView.xib */; };
		3A3EDACF1225FACA009E2908 /* ChromiumTabs.h in Headers */ = {isa = PBXBuildFile; fileRef = 3A3ED97D1225E116009E2908 /* ChromiumTabs.h */; settings = {ATTRIBUTES = (Public, ); }; };
		3A3EDAD01225FACA009E2908 /* CTTabStripModelDelegate.h in Headers */ = {isa = PBXBuildFile; fileRef = 3A1CF94912235277008A3B8C /* CTTabStripModelDelegate.h */; settings = {ATTRIBUTES = (Public, ); }; };
		3A3EDAD21225FACA009E2908 /* CTBrowserCommand.h in Headers */ = {isa = PBXBuildFile; fileRef = 3A1168D6122543A900757641 /* CTBrowserCommand.h */; settings = {ATTRIBUTES = (Public, ); }; };
		3A3EDAD31225FACA009E2908 /* CTBrowser.h in Headers */ = {isa = PBXBuildFile; fileRef = 3AA71889122479CE005022BE /* CTBrowser.h */; settings = {ATTRIBUTES = (Public, ); }; };
		3A3EDAD41225FACA009E2908 /* CTBrowserWindowController.h in Headers */ = {isa = PBXBuildFile; fileRef = 3A1CF95F12235704008A3B8C /* CTBrowserWindowController.h */; settings = {ATTRIBUTES = (Public, ); }; };
		3A92902312294CDC00DA7E43 /* NSWindow+CTThemed.h in Headers */ = {isa = PBXBuildFile; fileRef = 3A92902112294CDC00DA7E43 /* NSWindow+CTThemed.h */; settings = {ATTRIBUTES = (); }; };
		3A92902412294CDC00DA7E43 /* NSWindow+CTThemed.m in Sources */ = {isa = PBXBuildFile; fileRef = 3A92902212294CDC00DA7E43 /* NSWindow+CTThemed.m */; };
		3ABF4A1912A4592A0020233C /* CTBrowserWindow.h in Headers */ = {isa = PBXBuildFile; fileRef = 3ABF4A1712A4592A0020233C /* CTBrowserWindow.h */; settings = {ATTRIBUTES = (); }; };
		3ABF4A1A12A4592A0020233C /* CTBrowserWindow.m in Sources */ = {isa = PBXBuildFile; fileRef = 3ABF4A1812A4592A0020233C /* CTBrowserWindow.m */; };
		A21ED5FD14F41931000C72EB /* <HoverCloseButton> TabClose.png in Resources */ = {isa = PBXBuildFile; fileRef = A21ED5FA14F41931000C72EB /* <HoverCloseButton> TabClose.png */; };
		A21ED5FE14F41931000C72EB /* <HoverCloseButton> TabClosePressed.png in Resources */ = {isa = PBXBuildFile; fileRef = A21ED5FB14F41931000C72EB /* <HoverCloseButton> TabClosePressed.png */; };
		A21ED5FF14F41931000C72EB /* <HoverCloseButton> TabCloseRollover.png in Resources */ = {isa = PBXBuildFile; fileRef = A21ED5FC14F41931000C72EB /* <HoverCloseButton> TabCloseRollover.png */; };
		A250E2B314F440D2009465E8 /* CTTabView+Private.h in Headers */ = {isa = PBXBuildFile; fileRef = A250E2B214F440D2009465E8 /* CTTabView+Private.h */; };
		A250E2B514F440E5009465E8 /* ChromiumTabs.pch in Headers */ = {isa = PBXBuildFile; fileRef = A250E2B414F440E5009465E8 /* ChromiumTabs.pch */; };
		A25493C013F4117E0027474A /* CTBrowser+Private.h in Headers */ = {isa = PBXBuildFile; fileRef = A25493BF13F4117D0027474A /* CTBrowser+Private.h */; };
		A29C7643142A3B7200077B30 /* CTTabContents.h in Headers */ = {isa = PBXBuildFile; fileRef = A29C763B142A3B7200077B30 /* CTTabContents.h */; settings = {ATTRIBUTES = (Public, ); }; };
		A29C7644142A3B7200077B30 /* CTTabContents.m in Sources */ = {isa = PBXBuildFile; fileRef = A29C763C142A3B7200077B30 /* CTTabContents.m */; };
		A29C7645142A3B7200077B30 /* CTTabContentsViewController.h in Headers */ = {isa = PBXBuildFile; fileRef = A29C763D142A3B7200077B30 /* CTTabContentsViewController.h */; };
		A29C7646142A3B7200077B30 /* CTTabContentsViewController.m in Sources */ = {isa = PBXBuildFile; fileRef = A29C763E142A3B7200077B30 /* CTTabContentsViewController.m */; };
		A29C7647142A3B7200077B30 /* CTTabView.h in Headers */ = {isa = PBXBuildFile; fileRef = A29C763F142A3B7200077B30 /* CTTabView.h */; };
		A29C7648142A3B7200077B30 /* CTTabView.m in Sources */ = {isa = PBXBuildFile; fileRef = A29C7640142A3B7200077B30 /* CTTabView.m */; };
		A29C7649142A3B7200077B30 /* CTTabViewController.h in Headers */ = {isa = PBXBuildFile; fileRef = A29C7641142A3B7200077B30 /* CTTabViewController.h */; };
		A29C764A142A3B7200077B30 /* CTTabViewController.m in Sources */ = {isa = PBXBuildFile; fileRef = A29C7642142A3B7200077B30 /* CTTabViewController.m */; };
		A29C764F142A3B8400077B30 /* CTTabStripController.h in Headers */ = {isa = PBXBuildFile; fileRef = A29C764B142A3B8400077B30 /* CTTabStripController.h */; };
		A29C7650142A3B8400077B30 /* CTTabStripController.m in Sources */ = {isa = PBXBuildFile; fileRef = A29C764C142A3B8400077B30 /* CTTabStripController.m */; };
		A29C7651142A3B8400077B30 /* CTTabStripModel.h in Headers */ = {isa = PBXBuildFile; fileRef = A29C764D142A3B8400077B30 /* CTTabStripModel.h */; };
		A29C7652142A3B8400077B30 /* CTTabStripModel.m in Sources */ = {isa = PBXBuildFile; fileRef = A29C764E142A3B8400077B30 /* CTTabStripModel.m */; };
		A29C765F142A3B8B00077B30 /* BackgroundGradientView.h in Headers */ = {isa = PBXBuildFile; fileRef = A29C7653142A3B8B00077B30 /* BackgroundGradientView.h */; };
		A29C7660142A3B8B00077B30 /* BackgroundGradientView.m in Sources */ = {isa = PBXBuildFile; fileRef = A29C7654142A3B8B00077B30 /* BackgroundGradientView.m */; };
		A29C7661142A3B8B00077B30 /* CTTabStripView.h in Headers */ = {isa = PBXBuildFile; fileRef = A29C7655142A3B8B00077B30 /* CTTabStripView.h */; };
		A29C7662142A3B8B00077B30 /* CTTabStripView.m in Sources */ = {isa = PBXBuildFile; fileRef = A29C7656142A3B8B00077B30 /* CTTabStripView.m */; };
		A29C7663142A3B8B00077B30 /* FastResizeView.h in Headers */ = {isa = PBXBuildFile; fileRef = A29C7657142A3B8B00077B30 /* FastResizeView.h */; };
		A29C7664142A3B8B00077B30 /* FastResizeView.m in Sources */ = {isa = PBXBuildFile; fileRef = A29C7658142A3B8B00077B30 /* FastResizeView.m */; };
		A29C7665142A3B8B00077B30 /* HoverCloseButton.h in Headers */ = {isa = PBXBuildFile; fileRef = A29C7659142A3B8B00077B30 /* HoverCloseButton.h */; };
		A29C7666142A3B8B00077B30 /* HoverCloseButton.m in Sources */ = {isa = PBXBuildFile; fileRef = A29C765A142A3B8B00077B30 /* HoverCloseButton.m */; };
		A29C7669142A3B8B00077B30 /* TruncatingTextFieldCell.h in Headers */ = {isa = PBXBuildFile; fileRef = A29C765D142A3B8B00077B30 /* TruncatingTextFieldCell.h */; };
		A29C766A142A3B8B00077B30 /* TruncatingTextFieldCell.m in Sources */ = {isa = PBXBuildFile; fileRef = A29C765E142A3B8B00077B30 /* TruncatingTextFieldCell.m */; };
/* End PBXBuildFile section */

/* Begin PBXFileReference section */
		1058C7A1FEA54F0111CA2CBB /* Cocoa.framework */ = {isa = PBXFileReference; lastKnownFileType = wrapper.framework; name = Cocoa.framework; path = /System/Library/Frameworks/Cocoa.framework; sourceTree = "<absolute>"; };
		29B97324FDCFA39411CA2CEA /* AppKit.framework */ = {isa = PBXFileReference; lastKnownFileType = wrapper.framework; name = AppKit.framework; path = /System/Library/Frameworks/AppKit.framework; sourceTree = "<absolute>"; };
		29B97325FDCFA39411CA2CEA /* Foundation.framework */ = {isa = PBXFileReference; lastKnownFileType = wrapper.framework; name = Foundation.framework; path = /System/Library/Frameworks/Foundation.framework; sourceTree = "<absolute>"; };
		3A1168D6122543A900757641 /* CTBrowserCommand.h */ = {isa = PBXFileReference; fileEncoding = 4; lastKnownFileType = sourcecode.c.h; path = CTBrowserCommand.h; sourceTree = "<group>"; };
		3A1CF94912235277008A3B8C /* CTTabStripModelDelegate.h */ = {isa = PBXFileReference; fileEncoding = 4; lastKnownFileType = sourcecode.c.h; path = CTTabStripModelDelegate.h; sourceTree = "<group>"; };
		3A1CF95F12235704008A3B8C /* CTBrowserWindowController.h */ = {isa = PBXFileReference; fileEncoding = 4; lastKnownFileType = sourcecode.c.h; path = CTBrowserWindowController.h; sourceTree = "<group>"; };
		3A1CF96012235704008A3B8C /* CTBrowserWindowController.m */ = {isa = PBXFileReference; fileEncoding = 4; lastKnownFileType = sourcecode.c.objc; path = CTBrowserWindowController.m; sourceTree = "<group>"; };
		3A286EA51222C8EA00F1BB78 /* Carbon.framework */ = {isa = PBXFileReference; lastKnownFileType = wrapper.framework; name = Carbon.framework; path = System/Library/Frameworks/Carbon.framework; sourceTree = SDKROOT; };
		3A286F9E1222CDBE00F1BB78 /* BrowserWindow.xib */ = {isa = PBXFileReference; lastKnownFileType = file.xib; path = BrowserWindow.xib; sourceTree = "<group>"; };
		3A286F9F1222CDBE00F1BB78 /* TabContents.xib */ = {isa = PBXFileReference; lastKnownFileType = file.xib; path = TabContents.xib; sourceTree = "<group>"; };
		3A286FA01222CDBE00F1BB78 /* TabView.xib */ = {isa = PBXFileReference; lastKnownFileType = file.xib; path = TabView.xib; sourceTree = "<group>"; };
		3A3ED9751225E0A7009E2908 /* QuartzCore.framework */ = {isa = PBXFileReference; lastKnownFileType = wrapper.framework; name = QuartzCore.framework; path = System/Library/Frameworks/QuartzCore.framework; sourceTree = SDKROOT; };
		3A3ED97D1225E116009E2908 /* ChromiumTabs.h */ = {isa = PBXFileReference; fileEncoding = 4; lastKnownFileType = sourcecode.c.h; path = ChromiumTabs.h; sourceTree = "<group>"; };
		3A3ED9831225E27E009E2908 /* ChromiumTabs.framework */ = {isa = PBXFileReference; explicitFileType = wrapper.framework; includeInIndex = 0; path = ChromiumTabs.framework; sourceTree = BUILT_PRODUCTS_DIR; };
		3A92902112294CDC00DA7E43 /* NSWindow+CTThemed.h */ = {isa = PBXFileReference; fileEncoding = 4; lastKnownFileType = sourcecode.c.h; path = "NSWindow+CTThemed.h"; sourceTree = "<group>"; };
		3A92902212294CDC00DA7E43 /* NSWindow+CTThemed.m */ = {isa = PBXFileReference; fileEncoding = 4; lastKnownFileType = sourcecode.c.objc; path = "NSWindow+CTThemed.m"; sourceTree = "<group>"; };
		3AA71889122479CE005022BE /* CTBrowser.h */ = {isa = PBXFileReference; fileEncoding = 4; lastKnownFileType = sourcecode.c.h; path = CTBrowser.h; sourceTree = "<group>"; };
		3AA7188A122479CE005022BE /* CTBrowser.m */ = {isa = PBXFileReference; fileEncoding = 4; lastKnownFileType = sourcecode.c.objc; path = CTBrowser.m; sourceTree = "<group>"; };
		3ABF4A1712A4592A0020233C /* CTBrowserWindow.h */ = {isa = PBXFileReference; fileEncoding = 4; lastKnownFileType = sourcecode.c.h; path = CTBrowserWindow.h; sourceTree = "<group>"; };
		3ABF4A1812A4592A0020233C /* CTBrowserWindow.m */ = {isa = PBXFileReference; fileEncoding = 4; lastKnownFileType = sourcecode.c.objc; path = CTBrowserWindow.m; sourceTree = "<group>"; };
		A21ED5FA14F41931000C72EB /* <HoverCloseButton> TabClose.png */ = {isa = PBXFileReference; lastKnownFileType = image.png; path = "<HoverCloseButton> TabClose.png"; sourceTree = "<group>"; };
		A21ED5FB14F41931000C72EB /* <HoverCloseButton> TabClosePressed.png */ = {isa = PBXFileReference; lastKnownFileType = image.png; path = "<HoverCloseButton> TabClosePressed.png"; sourceTree = "<group>"; };
		A21ED5FC14F41931000C72EB /* <HoverCloseButton> TabCloseRollover.png */ = {isa = PBXFileReference; lastKnownFileType = image.png; path = "<HoverCloseButton> TabCloseRollover.png"; sourceTree = "<group>"; };
		A250E2AE14F440A4009465E8 /* Info.plist */ = {isa = PBXFileReference; fileEncoding = 4; lastKnownFileType = text.plist.xml; path = Info.plist; sourceTree = "<group>"; };
		A250E2B214F440D2009465E8 /* CTTabView+Private.h */ = {isa = PBXFileReference; fileEncoding = 4; lastKnownFileType = sourcecode.c.h; name = "CTTabView+Private.h"; path = "src/CTTabView+Private.h"; sourceTree = SOURCE_ROOT; };
		A250E2B414F440E5009465E8 /* ChromiumTabs.pch */ = {isa = PBXFileReference; fileEncoding = 4; lastKnownFileType = sourcecode.c.h; path = ChromiumTabs.pch; sourceTree = "<group>"; };
		A25493BF13F4117D0027474A /* CTBrowser+Private.h */ = {isa = PBXFileReference; fileEncoding = 4; lastKnownFileType = sourcecode.c.h; path = "CTBrowser+Private.h"; sourceTree = "<group>"; };
		A29C763B142A3B7200077B30 /* CTTabContents.h */ = {isa = PBXFileReference; fileEncoding = 4; lastKnownFileType = sourcecode.c.h; name = CTTabContents.h; path = src/CTTabContents.h; sourceTree = SOURCE_ROOT; };
		A29C763C142A3B7200077B30 /* CTTabContents.m */ = {isa = PBXFileReference; fileEncoding = 4; lastKnownFileType = sourcecode.c.objc; name = CTTabContents.m; path = src/CTTabContents.m; sourceTree = SOURCE_ROOT; };
		A29C763D142A3B7200077B30 /* CTTabContentsViewController.h */ = {isa = PBXFileReference; fileEncoding = 4; lastKnownFileType = sourcecode.c.h; name = CTTabContentsViewController.h; path = src/CTTabContentsViewController.h; sourceTree = SOURCE_ROOT; };
		A29C763E142A3B7200077B30 /* CTTabContentsViewController.m */ = {isa = PBXFileReference; fileEncoding = 4; lastKnownFileType = sourcecode.c.objc; name = CTTabContentsViewController.m; path = src/CTTabContentsViewController.m; sourceTree = SOURCE_ROOT; };
		A29C763F142A3B7200077B30 /* CTTabView.h */ = {isa = PBXFileReference; fileEncoding = 4; lastKnownFileType = sourcecode.c.h; name = CTTabView.h; path = src/CTTabView.h; sourceTree = SOURCE_ROOT; };
		A29C7640142A3B7200077B30 /* CTTabView.m */ = {isa = PBXFileReference; fileEncoding = 4; lastKnownFileType = sourcecode.c.objc; name = CTTabView.m; path = src/CTTabView.m; sourceTree = SOURCE_ROOT; };
		A29C7641142A3B7200077B30 /* CTTabViewController.h */ = {isa = PBXFileReference; fileEncoding = 4; lastKnownFileType = sourcecode.c.h; name = CTTabViewController.h; path = src/CTTabViewController.h; sourceTree = SOURCE_ROOT; };
		A29C7642142A3B7200077B30 /* CTTabViewController.m */ = {isa = PBXFileReference; fileEncoding = 4; lastKnownFileType = sourcecode.c.objc; name = CTTabViewController.m; path = src/CTTabViewController.m; sourceTree = SOURCE_ROOT; };
		A29C764B142A3B8400077B30 /* CTTabStripController.h */ = {isa = PBXFileReference; fileEncoding = 4; lastKnownFileType = sourcecode.c.h; path = CTTabStripController.h; sourceTree = "<group>"; };
		A29C764C142A3B8400077B30 /* CTTabStripController.m */ = {isa = PBXFileReference; fileEncoding = 4; lastKnownFileType = sourcecode.c.objc; path = CTTabStripController.m; sourceTree = "<group>"; };
		A29C764D142A3B8400077B30 /* CTTabStripModel.h */ = {isa = PBXFileReference; fileEncoding = 4; lastKnownFileType = sourcecode.c.h; path = CTTabStripModel.h; sourceTree = "<group>"; };
		A29C764E142A3B8400077B30 /* CTTabStripModel.m */ = {isa = PBXFileReference; fileEncoding = 4; lastKnownFileType = sourcecode.c.objc; path = CTTabStripModel.m; sourceTree = "<group>"; };
		A29C7653142A3B8B00077B30 /* BackgroundGradientView.h */ = {isa = PBXFileReference; fileEncoding = 4; lastKnownFileType = sourcecode.c.h; name = BackgroundGradientView.h; path = src/BackgroundGradientView.h; sourceTree = SOURCE_ROOT; };
		A29C7654142A3B8B00077B30 /* BackgroundGradientView.m */ = {isa = PBXFileReference; fileEncoding = 4; lastKnownFileType = sourcecode.c.objc; name = BackgroundGradientView.m; path = src/BackgroundGradientView.m; sourceTree = SOURCE_ROOT; };
		A29C7655142A3B8B00077B30 /* CTTabStripView.h */ = {isa = PBXFileReference; fileEncoding = 4; lastKnownFileType = sourcecode.c.h; name = CTTabStripView.h; path = src/CTTabStripView.h; sourceTree = SOURCE_ROOT; };
		A29C7656142A3B8B00077B30 /* CTTabStripView.m */ = {isa = PBXFileReference; fileEncoding = 4; lastKnownFileType = sourcecode.c.objc; name = CTTabStripView.m; path = src/CTTabStripView.m; sourceTree = SOURCE_ROOT; };
		A29C7657142A3B8B00077B30 /* FastResizeView.h */ = {isa = PBXFileReference; fileEncoding = 4; lastKnownFileType = sourcecode.c.h; name = FastResizeView.h; path = src/FastResizeView.h; sourceTree = SOURCE_ROOT; };
		A29C7658142A3B8B00077B30 /* FastResizeView.m */ = {isa = PBXFileReference; fileEncoding = 4; lastKnownFileType = sourcecode.c.objc; name = FastResizeView.m; path = src/FastResizeView.m; sourceTree = SOURCE_ROOT; };
		A29C7659142A3B8B00077B30 /* HoverCloseButton.h */ = {isa = PBXFileReference; fileEncoding = 4; lastKnownFileType = sourcecode.c.h; name = HoverCloseButton.h; path = src/HoverCloseButton.h; sourceTree = SOURCE_ROOT; };
		A29C765A142A3B8B00077B30 /* HoverCloseButton.m */ = {isa = PBXFileReference; fileEncoding = 4; lastKnownFileType = sourcecode.c.objc; name = HoverCloseButton.m; path = src/HoverCloseButton.m; sourceTree = SOURCE_ROOT; };
		A29C765D142A3B8B00077B30 /* TruncatingTextFieldCell.h */ = {isa = PBXFileReference; fileEncoding = 4; lastKnownFileType = sourcecode.c.h; name = TruncatingTextFieldCell.h; path = src/TruncatingTextFieldCell.h; sourceTree = SOURCE_ROOT; };
		A29C765E142A3B8B00077B30 /* TruncatingTextFieldCell.m */ = {isa = PBXFileReference; fileEncoding = 4; lastKnownFileType = sourcecode.c.objc; name = TruncatingTextFieldCell.m; path = src/TruncatingTextFieldCell.m; sourceTree = SOURCE_ROOT; };
/* End PBXFileReference section */

/* Begin PBXFrameworksBuildPhase section */
		3A3ED9811225E27E009E2908 /* Frameworks */ = {
			isa = PBXFrameworksBuildPhase;
			buildActionMask = 2147483647;
			files = (
				3A3ED9BE1225E320009E2908 /* Cocoa.framework in Frameworks */,
				3A3ED9BF1225E320009E2908 /* Carbon.framework in Frameworks */,
				3A3ED9C01225E320009E2908 /* QuartzCore.framework in Frameworks */,
			);
			runOnlyForDeploymentPostprocessing = 0;
		};
/* End PBXFrameworksBuildPhase section */

/* Begin PBXGroup section */
		080E96DDFE201D6D7F000001 /* src */ = {
			isa = PBXGroup;
			children = (
				A22080C8142A353A00002C78 /* Categories */,
				A250E2B414F440E5009465E8 /* ChromiumTabs.pch */,
				3A3ED97D1225E116009E2908 /* ChromiumTabs.h */,
				3A1CF94912235277008A3B8C /* CTTabStripModelDelegate.h */,
				3A1168D6122543A900757641 /* CTBrowserCommand.h */,
				3AA71889122479CE005022BE /* CTBrowser.h */,
				A25493BF13F4117D0027474A /* CTBrowser+Private.h */,
				3AA7188A122479CE005022BE /* CTBrowser.m */,
				3ABF4A1712A4592A0020233C /* CTBrowserWindow.h */,
				3ABF4A1812A4592A0020233C /* CTBrowserWindow.m */,
				3A1CF95F12235704008A3B8C /* CTBrowserWindowController.h */,
				3A1CF96012235704008A3B8C /* CTBrowserWindowController.m */,
				A29C764B142A3B8400077B30 /* CTTabStripController.h */,
				A29C764C142A3B8400077B30 /* CTTabStripController.m */,
				A29C764D142A3B8400077B30 /* CTTabStripModel.h */,
				A29C764E142A3B8400077B30 /* CTTabStripModel.m */,
				A27EF69914292A5C0045C670 /* view controllers */,
				A2B99A891428EE3800A735CD /* views */,
			);
			path = src;
			sourceTree = "<group>";
		};
		19C28FACFE9D520D11CA2CBB /* Products */ = {
			isa = PBXGroup;
			children = (
				3A3ED9831225E27E009E2908 /* ChromiumTabs.framework */,
			);
			name = Products;
			sourceTree = "<group>";
		};
		29B97314FDCFA39411CA2CEA /* cocoa-chromium-tabs */ = {
			isa = PBXGroup;
			children = (
				080E96DDFE201D6D7F000001 /* src */,
				29B97317FDCFA39411CA2CEA /* resources */,
				29B97323FDCFA39411CA2CEA /* Frameworks */,
				19C28FACFE9D520D11CA2CBB /* Products */,
			);
			name = "cocoa-chromium-tabs";
			sourceTree = "<group>";
		};
		29B97317FDCFA39411CA2CEA /* resources */ = {
			isa = PBXGroup;
			children = (
				3A286FF01222D61D00F1BB78 /* gfx */,
				3A286F9E1222CDBE00F1BB78 /* BrowserWindow.xib */,
				3A286F9F1222CDBE00F1BB78 /* TabContents.xib */,
				3A286FA01222CDBE00F1BB78 /* TabView.xib */,
				A250E2AE14F440A4009465E8 /* Info.plist */,
			);
			path = resources;
			sourceTree = "<group>";
		};
		29B97323FDCFA39411CA2CEA /* Frameworks */ = {
			isa = PBXGroup;
			children = (
				3A286EA51222C8EA00F1BB78 /* Carbon.framework */,
				1058C7A1FEA54F0111CA2CBB /* Cocoa.framework */,
				29B97324FDCFA39411CA2CEA /* AppKit.framework */,
				29B97325FDCFA39411CA2CEA /* Foundation.framework */,
				3A3ED9751225E0A7009E2908 /* QuartzCore.framework */,
			);
			name = Frameworks;
			sourceTree = "<group>";
		};
		3A286FF01222D61D00F1BB78 /* gfx */ = {
			isa = PBXGroup;
			children = (
				A21ED5FA14F41931000C72EB /* <HoverCloseButton> TabClose.png */,
				A21ED5FB14F41931000C72EB /* <HoverCloseButton> TabClosePressed.png */,
				A21ED5FC14F41931000C72EB /* <HoverCloseButton> TabCloseRollover.png */,
			);
			name = gfx;
			sourceTree = "<group>";
		};
		A22080C8142A353A00002C78 /* Categories */ = {
			isa = PBXGroup;
			children = (
				3A92902112294CDC00DA7E43 /* NSWindow+CTThemed.h */,
				3A92902212294CDC00DA7E43 /* NSWindow+CTThemed.m */,
			);
			name = Categories;
			sourceTree = "<group>";
		};
		A27EF69914292A5C0045C670 /* view controllers */ = {
			isa = PBXGroup;
			children = (
				A29C763B142A3B7200077B30 /* CTTabContents.h */,
				A29C763C142A3B7200077B30 /* CTTabContents.m */,
				A29C763D142A3B7200077B30 /* CTTabContentsViewController.h */,
				A29C763E142A3B7200077B30 /* CTTabContentsViewController.m */,
				A29C763F142A3B7200077B30 /* CTTabView.h */,
				A250E2B214F440D2009465E8 /* CTTabView+Private.h */,
				A29C7640142A3B7200077B30 /* CTTabView.m */,
				A29C7641142A3B7200077B30 /* CTTabViewController.h */,
				A29C7642142A3B7200077B30 /* CTTabViewController.m */,
			);
			name = "view controllers";
			path = chrome/browser/cocoa;
			sourceTree = "<group>";
		};
		A2B99A891428EE3800A735CD /* views */ = {
			isa = PBXGroup;
			children = (
				A29C7653142A3B8B00077B30 /* BackgroundGradientView.h */,
				A29C7654142A3B8B00077B30 /* BackgroundGradientView.m */,
				A29C7655142A3B8B00077B30 /* CTTabStripView.h */,
				A29C7656142A3B8B00077B30 /* CTTabStripView.m */,
				A29C7657142A3B8B00077B30 /* FastResizeView.h */,
				A29C7658142A3B8B00077B30 /* FastResizeView.m */,
				A29C7659142A3B8B00077B30 /* HoverCloseButton.h */,
				A29C765A142A3B8B00077B30 /* HoverCloseButton.m */,
				A29C765D142A3B8B00077B30 /* TruncatingTextFieldCell.h */,
				A29C765E142A3B8B00077B30 /* TruncatingTextFieldCell.m */,
			);
			name = views;
			path = chrome/browser/cocoa;
			sourceTree = "<group>";
		};
/* End PBXGroup section */

/* Begin PBXHeadersBuildPhase section */
		3A3ED97E1225E27E009E2908 /* Headers */ = {
			isa = PBXHeadersBuildPhase;
			buildActionMask = 2147483647;
			files = (
				3A3EDACF1225FACA009E2908 /* ChromiumTabs.h in Headers */,
				3A3EDAD31225FACA009E2908 /* CTBrowser.h in Headers */,
				3A3EDAD41225FACA009E2908 /* CTBrowserWindowController.h in Headers */,
				A29C7643142A3B7200077B30 /* CTTabContents.h in Headers */,
				3A3EDAD01225FACA009E2908 /* CTTabStripModelDelegate.h in Headers */,
				3A3EDAD21225FACA009E2908 /* CTBrowserCommand.h in Headers */,
				3A92902312294CDC00DA7E43 /* NSWindow+CTThemed.h in Headers */,
				3ABF4A1912A4592A0020233C /* CTBrowserWindow.h in Headers */,
				A25493C013F4117E0027474A /* CTBrowser+Private.h in Headers */,
				A29C7645142A3B7200077B30 /* CTTabContentsViewController.h in Headers */,
				A29C7647142A3B7200077B30 /* CTTabView.h in Headers */,
				A29C7649142A3B7200077B30 /* CTTabViewController.h in Headers */,
				A29C764F142A3B8400077B30 /* CTTabStripController.h in Headers */,
				A29C7651142A3B8400077B30 /* CTTabStripModel.h in Headers */,
				A29C765F142A3B8B00077B30 /* BackgroundGradientView.h in Headers */,
				A29C7661142A3B8B00077B30 /* CTTabStripView.h in Headers */,
				A29C7663142A3B8B00077B30 /* FastResizeView.h in Headers */,
				A29C7665142A3B8B00077B30 /* HoverCloseButton.h in Headers */,
				A29C7669142A3B8B00077B30 /* TruncatingTextFieldCell.h in Headers */,
				A250E2B314F440D2009465E8 /* CTTabView+Private.h in Headers */,
				A250E2B514F440E5009465E8 /* ChromiumTabs.pch in Headers */,
			);
			runOnlyForDeploymentPostprocessing = 0;
		};
/* End PBXHeadersBuildPhase section */

/* Begin PBXNativeTarget section */
		3A3ED9821225E27E009E2908 /* ChromiumTabs */ = {
			isa = PBXNativeTarget;
			buildConfigurationList = 3A3ED9871225E27F009E2908 /* Build configuration list for PBXNativeTarget "ChromiumTabs" */;
			buildPhases = (
				3A3ED97E1225E27E009E2908 /* Headers */,
				3A3ED97F1225E27E009E2908 /* Resources */,
				3A3ED9801225E27E009E2908 /* Sources */,
				3A3ED9811225E27E009E2908 /* Frameworks */,
			);
			buildRules = (
			);
			dependencies = (
			);
			name = ChromiumTabs;
			productName = ChromiumTabs;
			productReference = 3A3ED9831225E27E009E2908 /* ChromiumTabs.framework */;
			productType = "com.apple.product-type.framework";
		};
/* End PBXNativeTarget section */

/* Begin PBXProject section */
		29B97313FDCFA39411CA2CEA /* Project object */ = {
			isa = PBXProject;
			attributes = {
				BuildIndependentTargetsInParallel = YES;
				LastUpgradeCheck = 0430;
			};
			buildConfigurationList = C01FCF4E08A954540054247B /* Build configuration list for PBXProject "chromium-tabs" */;
			compatibilityVersion = "Xcode 3.2";
			developmentRegion = English;
			hasScannedForEncodings = 1;
			knownRegions = (
				English,
				Japanese,
				French,
				German,
			);
			mainGroup = 29B97314FDCFA39411CA2CEA /* cocoa-chromium-tabs */;
			projectDirPath = "";
			projectRoot = "";
			targets = (
				3A3ED9821225E27E009E2908 /* ChromiumTabs */,
			);
		};
/* End PBXProject section */

/* Begin PBXResourcesBuildPhase section */
		3A3ED97F1225E27E009E2908 /* Resources */ = {
			isa = PBXResourcesBuildPhase;
			buildActionMask = 2147483647;
			files = (
				3A3ED9E81225E3C2009E2908 /* BrowserWindow.xib in Resources */,
				3A3ED9E91225E3C2009E2908 /* TabContents.xib in Resources */,
				3A3ED9EA1225E3C2009E2908 /* TabView.xib in Resources */,
				A21ED5FD14F41931000C72EB /* <HoverCloseButton> TabClose.png in Resources */,
				A21ED5FE14F41931000C72EB /* <HoverCloseButton> TabClosePressed.png in Resources */,
				A21ED5FF14F41931000C72EB /* <HoverCloseButton> TabCloseRollover.png in Resources */,
			);
			runOnlyForDeploymentPostprocessing = 0;
		};
/* End PBXResourcesBuildPhase section */

/* Begin PBXSourcesBuildPhase section */
		3A3ED9801225E27E009E2908 /* Sources */ = {
			isa = PBXSourcesBuildPhase;
			buildActionMask = 2147483647;
			files = (
				3A3ED9D71225E32A009E2908 /* CTBrowserWindowController.m in Sources */,
				3A3ED9D91225E32A009E2908 /* CTBrowser.m in Sources */,
				3A92902412294CDC00DA7E43 /* NSWindow+CTThemed.m in Sources */,
				3ABF4A1A12A4592A0020233C /* CTBrowserWindow.m in Sources */,
				A29C7644142A3B7200077B30 /* CTTabContents.m in Sources */,
				A29C7646142A3B7200077B30 /* CTTabContentsViewController.m in Sources */,
				A29C7648142A3B7200077B30 /* CTTabView.m in Sources */,
				A29C764A142A3B7200077B30 /* CTTabViewController.m in Sources */,
				A29C7650142A3B8400077B30 /* CTTabStripController.m in Sources */,
				A29C7652142A3B8400077B30 /* CTTabStripModel.m in Sources */,
				A29C7660142A3B8B00077B30 /* BackgroundGradientView.m in Sources */,
				A29C7662142A3B8B00077B30 /* CTTabStripView.m in Sources */,
				A29C7664142A3B8B00077B30 /* FastResizeView.m in Sources */,
				A29C7666142A3B8B00077B30 /* HoverCloseButton.m in Sources */,
				A29C766A142A3B8B00077B30 /* TruncatingTextFieldCell.m in Sources */,
			);
			runOnlyForDeploymentPostprocessing = 0;
		};
/* End PBXSourcesBuildPhase section */

/* Begin XCBuildConfiguration section */
		3A3ED9851225E27F009E2908 /* Debug */ = {
			isa = XCBuildConfiguration;
			buildSettings = {
				ALWAYS_SEARCH_USER_PATHS = NO;
				CLANG_ARC_MIGRATION = donothing;
				CLANG_ENABLE_OBJC_ARC = YES;
				CLANG_WARN_OBJCPP_ARC_ABI = NO;
				COPY_PHASE_STRIP = NO;
				DYLIB_COMPATIBILITY_VERSION = 1;
				DYLIB_CURRENT_VERSION = 1;
				FRAMEWORK_VERSION = A;
				GCC_DYNAMIC_NO_PIC = NO;
				GCC_ENABLE_OBJC_GC = unsupported;
				GCC_ENABLE_PASCAL_STRINGS = NO;
				GCC_MODEL_TUNING = G5;
				GCC_PRECOMPILE_PREFIX_HEADER = YES;
				GCC_PREFIX_HEADER = "src/$(PRODUCT_NAME).pch";
				GCC_VERSION = com.apple.compilers.llvm.clang.1_0;
				GCC_WARN_64_TO_32_BIT_CONVERSION = NO;
				GCC_WARN_EFFECTIVE_CPLUSPLUS_VIOLATIONS = NO;
				GCC_WARN_HIDDEN_VIRTUAL_FUNCTIONS = NO;
				GCC_WARN_INITIALIZER_NOT_FULLY_BRACKETED = YES;
				GCC_WARN_MISSING_PARENTHESES = YES;
				GCC_WARN_SHADOW = NO;
				GCC_WARN_UNUSED_FUNCTION = YES;
				HEADER_SEARCH_PATHS = src;
				INFOPLIST_FILE = resources/Info.plist;
				INSTALL_PATH = "@rpath";
				MACOSX_DEPLOYMENT_TARGET = 10.6;
				PRODUCT_NAME = ChromiumTabs;
			};
			name = Debug;
		};
		3A3ED9861225E27F009E2908 /* Release */ = {
			isa = XCBuildConfiguration;
			buildSettings = {
				ALWAYS_SEARCH_USER_PATHS = NO;
				CLANG_ARC_MIGRATION = donothing;
				CLANG_ENABLE_OBJC_ARC = YES;
				CLANG_WARN_OBJCPP_ARC_ABI = NO;
				COPY_PHASE_STRIP = NO;
				DEPLOYMENT_POSTPROCESSING = NO;
				DYLIB_COMPATIBILITY_VERSION = 1;
				DYLIB_CURRENT_VERSION = 1;
				FRAMEWORK_VERSION = A;
				GCC_ENABLE_OBJC_GC = unsupported;
				GCC_ENABLE_PASCAL_STRINGS = NO;
				GCC_ENABLE_SSE3_EXTENSIONS = YES;
				GCC_ENABLE_SSE41_EXTENSIONS = YES;
				GCC_ENABLE_SSE42_EXTENSIONS = YES;
				GCC_MODEL_TUNING = G5;
				GCC_PRECOMPILE_PREFIX_HEADER = YES;
				GCC_PREFIX_HEADER = "src/$(PRODUCT_NAME).pch";
				GCC_PREPROCESSOR_DEFINITIONS = "NDEBUG=1";
				GCC_VERSION = com.apple.compilers.llvm.clang.1_0;
				GCC_WARN_64_TO_32_BIT_CONVERSION = NO;
				GCC_WARN_EFFECTIVE_CPLUSPLUS_VIOLATIONS = NO;
				GCC_WARN_HIDDEN_VIRTUAL_FUNCTIONS = NO;
				GCC_WARN_INITIALIZER_NOT_FULLY_BRACKETED = YES;
				GCC_WARN_MISSING_PARENTHESES = YES;
				GCC_WARN_SHADOW = NO;
				GCC_WARN_UNUSED_FUNCTION = YES;
				HEADER_SEARCH_PATHS = src;
				INFOPLIST_FILE = resources/Info.plist;
				INSTALL_PATH = "@rpath";
				MACOSX_DEPLOYMENT_TARGET = 10.6;
				OTHER_LDFLAGS = (
					"-framework",
					Foundation,
					"-framework",
					AppKit,
				);
				PRODUCT_NAME = ChromiumTabs;
				ZERO_LINK = NO;
			};
			name = Release;
		};
		C01FCF4F08A954540054247B /* Debug */ = {
			isa = XCBuildConfiguration;
			buildSettings = {
				ARCHS = "$(ARCHS_STANDARD_64_BIT)";
				GCC_C_LANGUAGE_STANDARD = gnu99;
				GCC_OPTIMIZATION_LEVEL = 0;
				GCC_VERSION = com.apple.compilers.llvm.clang.1_0;
				GCC_WARN_ABOUT_RETURN_TYPE = YES;
				GCC_WARN_UNUSED_VARIABLE = YES;
				MACOSX_DEPLOYMENT_TARGET = 10.6;
				ONLY_ACTIVE_ARCH = YES;
				SDKROOT = macosx;
			};
			name = Debug;
		};
		C01FCF5008A954540054247B /* Release */ = {
			isa = XCBuildConfiguration;
			buildSettings = {
				ARCHS = "$(ARCHS_STANDARD_64_BIT)";
				GCC_C_LANGUAGE_STANDARD = gnu99;
				GCC_VERSION = com.apple.compilers.llvm.clang.1_0;
				GCC_WARN_ABOUT_RETURN_TYPE = YES;
				GCC_WARN_UNUSED_VARIABLE = YES;
				MACOSX_DEPLOYMENT_TARGET = 10.6;
				SDKROOT = macosx;
			};
			name = Release;
		};
/* End XCBuildConfiguration section */

/* Begin XCConfigurationList section */
		3A3ED9871225E27F009E2908 /* Build configuration list for PBXNativeTarget "ChromiumTabs" */ = {
			isa = XCConfigurationList;
			buildConfigurations = (
				3A3ED9851225E27F009E2908 /* Debug */,
				3A3ED9861225E27F009E2908 /* Release */,
			);
			defaultConfigurationIsVisible = 0;
			defaultConfigurationName = Release;
		};
		C01FCF4E08A954540054247B /* Build configuration list for PBXProject "chromium-tabs" */ = {
			isa = XCConfigurationList;
			buildConfigurations = (
				C01FCF4F08A954540054247B /* Debug */,
				C01FCF5008A954540054247B /* Release */,
			);
			defaultConfigurationIsVisible = 0;
			defaultConfigurationName = Release;
		};
/* End XCConfigurationList section */
	};
	rootObject = 29B97313FDCFA39411CA2CEA /* Project object */;
}
